
Microsoft Visual Studio Solution File, Format Version 12.00
# Visual Studio Version 17
VisualStudioVersion = 17.11.35303.130
MinimumVisualStudioVersion = 10.0.40219.1
Project("{FAE04EC0-301F-11D3-BF4B-00C04F79EFBC}") = "PR_3", "PR_3\PR_3.csproj", "{4E8B466C-59BC-4DB7-8649-552814DE97A8}"
EndProject
Global
	GlobalSection(SolutionConfigurationPlatforms) = preSolution
		Debug|Any CPU = Debug|Any CPU
		Release|Any CPU = Release|Any CPU
	EndGlobalSection
	GlobalSection(ProjectConfigurationPlatforms) = postSolution
		{4E8B466C-59BC-4DB7-8649-552814DE97A8}.Debug|Any CPU.ActiveCfg = Debug|Any CPU
		{4E8B466C-59BC-4DB7-8649-552814DE97A8}.Debug|Any CPU.Build.0 = Debug|Any CPU
		{4E8B466C-59BC-4DB7-8649-552814DE97A8}.Release|Any CPU.ActiveCfg = Release|Any CPU
		{4E8B466C-59BC-4DB7-8649-552814DE97A8}.Release|Any CPU.Build.0 = Release|Any CPU
	EndGlobalSection
	GlobalSection(SolutionProperties) = preSolution
		HideSolutionNode = FALSE
	EndGlobalSection
	GlobalSection(ExtensibilityGlobals) = postSolution
		SolutionGuid = {B7B702E9-A57C-4D7A-BBE4-7B814F1DF46C}
	EndGlobalSection
EndGlobal
